// !$*UTF8*$!
{
	archiveVersion = 1;
	classes = {
	};
	objectVersion = 55;
	objects = {

/* Begin PBXBuildFile section */
		B572037C27D3582C00F95A18 /* AppDelegate.swift in Sources */ = {isa = PBXBuildFile; fileRef = B572037B27D3582C00F95A18 /* AppDelegate.swift */; };
		B572037E27D3582C00F95A18 /* SceneDelegate.swift in Sources */ = {isa = PBXBuildFile; fileRef = B572037D27D3582C00F95A18 /* SceneDelegate.swift */; };
		B572038027D3582C00F95A18 /* ViewController.swift in Sources */ = {isa = PBXBuildFile; fileRef = B572037F27D3582C00F95A18 /* ViewController.swift */; };
		B572038327D3582C00F95A18 /* Main.storyboard in Resources */ = {isa = PBXBuildFile; fileRef = B572038127D3582C00F95A18 /* Main.storyboard */; };
		B572038527D3583500F95A18 /* Assets.xcassets in Resources */ = {isa = PBXBuildFile; fileRef = B572038427D3583500F95A18 /* Assets.xcassets */; };
		B572038827D3583500F95A18 /* LaunchScreen.storyboard in Resources */ = {isa = PBXBuildFile; fileRef = B572038627D3583500F95A18 /* LaunchScreen.storyboard */; };
		B572039527D3591300F95A18 /* SyncService.swift in Sources */ = {isa = PBXBuildFile; fileRef = B572039427D3591300F95A18 /* SyncService.swift */; };
		B572039727D3592100F95A18 /* Drawing.swift in Sources */ = {isa = PBXBuildFile; fileRef = B572039627D3592100F95A18 /* Drawing.swift */; };
/* End PBXBuildFile section */

/* Begin PBXFileReference section */
		B572037827D3582C00F95A18 /* QualityChecker.app */ = {isa = PBXFileReference; explicitFileType = wrapper.application; includeInIndex = 0; path = QualityChecker.app; sourceTree = BUILT_PRODUCTS_DIR; };
		B572037B27D3582C00F95A18 /* AppDelegate.swift */ = {isa = PBXFileReference; lastKnownFileType = sourcecode.swift; path = AppDelegate.swift; sourceTree = "<group>"; };
		B572037D27D3582C00F95A18 /* SceneDelegate.swift */ = {isa = PBXFileReference; lastKnownFileType = sourcecode.swift; path = SceneDelegate.swift; sourceTree = "<group>"; };
		B572037F27D3582C00F95A18 /* ViewController.swift */ = {isa = PBXFileReference; lastKnownFileType = sourcecode.swift; path = ViewController.swift; sourceTree = "<group>"; };
		B572038227D3582C00F95A18 /* Base */ = {isa = PBXFileReference; lastKnownFileType = file.storyboard; name = Base; path = Base.lproj/Main.storyboard; sourceTree = "<group>"; };
		B572038427D3583500F95A18 /* Assets.xcassets */ = {isa = PBXFileReference; lastKnownFileType = folder.assetcatalog; path = Assets.xcassets; sourceTree = "<group>"; };
		B572038727D3583500F95A18 /* Base */ = {isa = PBXFileReference; lastKnownFileType = file.storyboard; name = Base; path = Base.lproj/LaunchScreen.storyboard; sourceTree = "<group>"; };
		B572038927D3583500F95A18 /* Info.plist */ = {isa = PBXFileReference; lastKnownFileType = text.plist.xml; path = Info.plist; sourceTree = "<group>"; };
		B572039427D3591300F95A18 /* SyncService.swift */ = {isa = PBXFileReference; lastKnownFileType = sourcecode.swift; path = SyncService.swift; sourceTree = "<group>"; };
		B572039627D3592100F95A18 /* Drawing.swift */ = {isa = PBXFileReference; lastKnownFileType = sourcecode.swift; path = Drawing.swift; sourceTree = "<group>"; };
/* End PBXFileReference section */

/* Begin PBXFrameworksBuildPhase section */
		B572037527D3582C00F95A18 /* Frameworks */ = {
			isa = PBXFrameworksBuildPhase;
			buildActionMask = 2147483647;
			files = (
			);
			runOnlyForDeploymentPostprocessing = 0;
		};
/* End PBXFrameworksBuildPhase section */

/* Begin PBXGroup section */
		B572036F27D3582B00F95A18 = {
			isa = PBXGroup;
			children = (
				B572037A27D3582C00F95A18 /* QualityChecker */,
				B572037927D3582C00F95A18 /* Products */,
			);
			sourceTree = "<group>";
		};
		B572037927D3582C00F95A18 /* Products */ = {
			isa = PBXGroup;
			children = (
				B572037827D3582C00F95A18 /* QualityChecker.app */,
			);
			name = Products;
			sourceTree = "<group>";
		};
		B572037A27D3582C00F95A18 /* QualityChecker */ = {
			isa = PBXGroup;
			children = (
				B572039127D3588500F95A18 /* Models */,
				B572039027D3588000F95A18 /* Views */,
				B572039227D3588A00F95A18 /* View Controllers */,
				B572039327D3589100F95A18 /* Services */,
				B572038F27D3587700F95A18 /* Resources */,
			);
			path = QualityChecker;
			sourceTree = "<group>";
		};
		B572038F27D3587700F95A18 /* Resources */ = {
			isa = PBXGroup;
			children = (
				B572037B27D3582C00F95A18 /* AppDelegate.swift */,
				B572037D27D3582C00F95A18 /* SceneDelegate.swift */,
				B572038427D3583500F95A18 /* Assets.xcassets */,
				B572038927D3583500F95A18 /* Info.plist */,
			);
			path = Resources;
			sourceTree = "<group>";
		};
		B572039027D3588000F95A18 /* Views */ = {
			isa = PBXGroup;
			children = (
				B572038127D3582C00F95A18 /* Main.storyboard */,
				B572038627D3583500F95A18 /* LaunchScreen.storyboard */,
			);
			path = Views;
			sourceTree = "<group>";
		};
		B572039127D3588500F95A18 /* Models */ = {
			isa = PBXGroup;
			children = (
				B572039627D3592100F95A18 /* Drawing.swift */,
			);
			path = Models;
			sourceTree = "<group>";
		};
		B572039227D3588A00F95A18 /* View Controllers */ = {
			isa = PBXGroup;
			children = (
				B572037F27D3582C00F95A18 /* ViewController.swift */,
			);
			path = "View Controllers";
			sourceTree = "<group>";
		};
		B572039327D3589100F95A18 /* Services */ = {
			isa = PBXGroup;
			children = (
				B572039427D3591300F95A18 /* SyncService.swift */,
			);
			path = Services;
			sourceTree = "<group>";
		};
/* End PBXGroup section */

/* Begin PBXNativeTarget section */
		B572037727D3582C00F95A18 /* QualityChecker */ = {
			isa = PBXNativeTarget;
			buildConfigurationList = B572038C27D3583500F95A18 /* Build configuration list for PBXNativeTarget "QualityChecker" */;
			buildPhases = (
				B572037427D3582C00F95A18 /* Sources */,
				B572037527D3582C00F95A18 /* Frameworks */,
				B572037627D3582C00F95A18 /* Resources */,
			);
			buildRules = (
			);
			dependencies = (
			);
			name = QualityChecker;
			productName = QualityChecker;
			productReference = B572037827D3582C00F95A18 /* QualityChecker.app */;
			productType = "com.apple.product-type.application";
		};
/* End PBXNativeTarget section */

/* Begin PBXProject section */
		B572037027D3582B00F95A18 /* Project object */ = {
			isa = PBXProject;
			attributes = {
				BuildIndependentTargetsInParallel = 1;
				LastSwiftUpdateCheck = 1320;
				LastUpgradeCheck = 1320;
				TargetAttributes = {
					B572037727D3582C00F95A18 = {
						CreatedOnToolsVersion = 13.2.1;
					};
				};
			};
			buildConfigurationList = B572037327D3582B00F95A18 /* Build configuration list for PBXProject "QualityChecker" */;
			compatibilityVersion = "Xcode 13.0";
			developmentRegion = en;
			hasScannedForEncodings = 0;
			knownRegions = (
				en,
				Base,
			);
			mainGroup = B572036F27D3582B00F95A18;
			productRefGroup = B572037927D3582C00F95A18 /* Products */;
			projectDirPath = "";
			projectRoot = "";
			targets = (
				B572037727D3582C00F95A18 /* QualityChecker */,
			);
		};
/* End PBXProject section */

/* Begin PBXResourcesBuildPhase section */
		B572037627D3582C00F95A18 /* Resources */ = {
			isa = PBXResourcesBuildPhase;
			buildActionMask = 2147483647;
			files = (
				B572038827D3583500F95A18 /* LaunchScreen.storyboard in Resources */,
				B572038527D3583500F95A18 /* Assets.xcassets in Resources */,
				B572038327D3582C00F95A18 /* Main.storyboard in Resources */,
			);
			runOnlyForDeploymentPostprocessing = 0;
		};
/* End PBXResourcesBuildPhase section */

/* Begin PBXSourcesBuildPhase section */
		B572037427D3582C00F95A18 /* Sources */ = {
			isa = PBXSourcesBuildPhase;
			buildActionMask = 2147483647;
			files = (
				B572038027D3582C00F95A18 /* ViewController.swift in Sources */,
				B572037C27D3582C00F95A18 /* AppDelegate.swift in Sources */,
				B572039527D3591300F95A18 /* SyncService.swift in Sources */,
				B572037E27D3582C00F95A18 /* SceneDelegate.swift in Sources */,
				B572039727D3592100F95A18 /* Drawing.swift in Sources */,
			);
			runOnlyForDeploymentPostprocessing = 0;
		};
/* End PBXSourcesBuildPhase section */

/* Begin PBXVariantGroup section */
		B572038127D3582C00F95A18 /* Main.storyboard */ = {
			isa = PBXVariantGroup;
			children = (
				B572038227D3582C00F95A18 /* Base */,
			);
			name = Main.storyboard;
			sourceTree = "<group>";
		};
		B572038627D3583500F95A18 /* LaunchScreen.storyboard */ = {
			isa = PBXVariantGroup;
			children = (
				B572038727D3583500F95A18 /* Base */,
			);
			name = LaunchScreen.storyboard;
			sourceTree = "<group>";
		};
/* End PBXVariantGroup section */

/* Begin XCBuildConfiguration section */
		B572038A27D3583500F95A18 /* Debug */ = {
			isa = XCBuildConfiguration;
			buildSettings = {
				ALWAYS_SEARCH_USER_PATHS = NO;
				CLANG_ANALYZER_NONNULL = YES;
				CLANG_ANALYZER_NUMBER_OBJECT_CONVERSION = YES_AGGRESSIVE;
				CLANG_CXX_LANGUAGE_STANDARD = "gnu++17";
				CLANG_CXX_LIBRARY = "libc++";
				CLANG_ENABLE_MODULES = YES;
				CLANG_ENABLE_OBJC_ARC = YES;
				CLANG_ENABLE_OBJC_WEAK = YES;
				CLANG_WARN_BLOCK_CAPTURE_AUTORELEASING = YES;
				CLANG_WARN_BOOL_CONVERSION = YES;
				CLANG_WARN_COMMA = YES;
				CLANG_WARN_CONSTANT_CONVERSION = YES;
				CLANG_WARN_DEPRECATED_OBJC_IMPLEMENTATIONS = YES;
				CLANG_WARN_DIRECT_OBJC_ISA_USAGE = YES_ERROR;
				CLANG_WARN_DOCUMENTATION_COMMENTS = YES;
				CLANG_WARN_EMPTY_BODY = YES;
				CLANG_WARN_ENUM_CONVERSION = YES;
				CLANG_WARN_INFINITE_RECURSION = YES;
				CLANG_WARN_INT_CONVERSION = YES;
				CLANG_WARN_NON_LITERAL_NULL_CONVERSION = YES;
				CLANG_WARN_OBJC_IMPLICIT_RETAIN_SELF = YES;
				CLANG_WARN_OBJC_LITERAL_CONVERSION = YES;
				CLANG_WARN_OBJC_ROOT_CLASS = YES_ERROR;
				CLANG_WARN_QUOTED_INCLUDE_IN_FRAMEWORK_HEADER = YES;
				CLANG_WARN_RANGE_LOOP_ANALYSIS = YES;
				CLANG_WARN_STRICT_PROTOTYPES = YES;
				CLANG_WARN_SUSPICIOUS_MOVE = YES;
				CLANG_WARN_UNGUARDED_AVAILABILITY = YES_AGGRESSIVE;
				CLANG_WARN_UNREACHABLE_CODE = YES;
				CLANG_WARN__DUPLICATE_METHOD_MATCH = YES;
				COPY_PHASE_STRIP = NO;
				DEBUG_INFORMATION_FORMAT = dwarf;
				ENABLE_STRICT_OBJC_MSGSEND = YES;
				ENABLE_TESTABILITY = YES;
				GCC_C_LANGUAGE_STANDARD = gnu11;
				GCC_DYNAMIC_NO_PIC = NO;
				GCC_NO_COMMON_BLOCKS = YES;
				GCC_OPTIMIZATION_LEVEL = 0;
				GCC_PREPROCESSOR_DEFINITIONS = (
					"DEBUG=1",
					"$(inherited)",
				);
				GCC_WARN_64_TO_32_BIT_CONVERSION = YES;
				GCC_WARN_ABOUT_RETURN_TYPE = YES_ERROR;
				GCC_WARN_UNDECLARED_SELECTOR = YES;
				GCC_WARN_UNINITIALIZED_AUTOS = YES_AGGRESSIVE;
				GCC_WARN_UNUSED_FUNCTION = YES;
				GCC_WARN_UNUSED_VARIABLE = YES;
				IPHONEOS_DEPLOYMENT_TARGET = 15.2;
				MTL_ENABLE_DEBUG_INFO = INCLUDE_SOURCE;
				MTL_FAST_MATH = YES;
				ONLY_ACTIVE_ARCH = YES;
				SDKROOT = iphoneos;
				SWIFT_ACTIVE_COMPILATION_CONDITIONS = DEBUG;
				SWIFT_OPTIMIZATION_LEVEL = "-Onone";
			};
			name = Debug;
		};
		B572038B27D3583500F95A18 /* Release */ = {
			isa = XCBuildConfiguration;
			buildSettings = {
				ALWAYS_SEARCH_USER_PATHS = NO;
				CLANG_ANALYZER_NONNULL = YES;
				CLANG_ANALYZER_NUMBER_OBJECT_CONVERSION = YES_AGGRESSIVE;
				CLANG_CXX_LANGUAGE_STANDARD = "gnu++17";
				CLANG_CXX_LIBRARY = "libc++";
				CLANG_ENABLE_MODULES = YES;
				CLANG_ENABLE_OBJC_ARC = YES;
				CLANG_ENABLE_OBJC_WEAK = YES;
				CLANG_WARN_BLOCK_CAPTURE_AUTORELEASING = YES;
				CLANG_WARN_BOOL_CONVERSION = YES;
				CLANG_WARN_COMMA = YES;
				CLANG_WARN_CONSTANT_CONVERSION = YES;
				CLANG_WARN_DEPRECATED_OBJC_IMPLEMENTATIONS = YES;
				CLANG_WARN_DIRECT_OBJC_ISA_USAGE = YES_ERROR;
				CLANG_WARN_DOCUMENTATION_COMMENTS = YES;
				CLANG_WARN_EMPTY_BODY = YES;
				CLANG_WARN_ENUM_CONVERSION = YES;
				CLANG_WARN_INFINITE_RECURSION = YES;
				CLANG_WARN_INT_CONVERSION = YES;
				CLANG_WARN_NON_LITERAL_NULL_CONVERSION = YES;
				CLANG_WARN_OBJC_IMPLICIT_RETAIN_SELF = YES;
				CLANG_WARN_OBJC_LITERAL_CONVERSION = YES;
				CLANG_WARN_OBJC_ROOT_CLASS = YES_ERROR;
				CLANG_WARN_QUOTED_INCLUDE_IN_FRAMEWORK_HEADER = YES;
				CLANG_WARN_RANGE_LOOP_ANALYSIS = YES;
				CLANG_WARN_STRICT_PROTOTYPES = YES;
				CLANG_WARN_SUSPICIOUS_MOVE = YES;
				CLANG_WARN_UNGUARDED_AVAILABILITY = YES_AGGRESSIVE;
				CLANG_WARN_UNREACHABLE_CODE = YES;
				CLANG_WARN__DUPLICATE_METHOD_MATCH = YES;
				COPY_PHASE_STRIP = NO;
				DEBUG_INFORMATION_FORMAT = "dwarf-with-dsym";
				ENABLE_NS_ASSERTIONS = NO;
				ENABLE_STRICT_OBJC_MSGSEND = YES;
				GCC_C_LANGUAGE_STANDARD = gnu11;
				GCC_NO_COMMON_BLOCKS = YES;
				GCC_WARN_64_TO_32_BIT_CONVERSION = YES;
				GCC_WARN_ABOUT_RETURN_TYPE = YES_ERROR;
				GCC_WARN_UNDECLARED_SELECTOR = YES;
				GCC_WARN_UNINITIALIZED_AUTOS = YES_AGGRESSIVE;
				GCC_WARN_UNUSED_FUNCTION = YES;
				GCC_WARN_UNUSED_VARIABLE = YES;
				IPHONEOS_DEPLOYMENT_TARGET = 15.2;
				MTL_ENABLE_DEBUG_INFO = NO;
				MTL_FAST_MATH = YES;
				SDKROOT = iphoneos;
				SWIFT_COMPILATION_MODE = wholemodule;
				SWIFT_OPTIMIZATION_LEVEL = "-O";
				VALIDATE_PRODUCT = YES;
			};
			name = Release;
		};
		B572038D27D3583500F95A18 /* Debug */ = {
			isa = XCBuildConfiguration;
			buildSettings = {
				ASSETCATALOG_COMPILER_APPICON_NAME = AppIcon;
				ASSETCATALOG_COMPILER_GLOBAL_ACCENT_COLOR_NAME = AccentColor;
				CODE_SIGN_STYLE = Automatic;
				CURRENT_PROJECT_VERSION = 1;
				DEVELOPMENT_TEAM = A5WKQ59823;
				GENERATE_INFOPLIST_FILE = YES;
				INFOPLIST_FILE = QualityChecker/Resources/Info.plist;
				INFOPLIST_KEY_UIApplicationSupportsIndirectInputEvents = YES;
				INFOPLIST_KEY_UILaunchStoryboardName = LaunchScreen;
				INFOPLIST_KEY_UIMainStoryboardFile = Main;
				INFOPLIST_KEY_UISupportedInterfaceOrientations = "UIInterfaceOrientationPortrait UIInterfaceOrientationLandscapeLeft UIInterfaceOrientationLandscapeRight";
				INFOPLIST_KEY_UISupportedInterfaceOrientations_iPad = "UIInterfaceOrientationPortrait UIInterfaceOrientationPortraitUpsideDown UIInterfaceOrientationLandscapeLeft UIInterfaceOrientationLandscapeRight";
				INFOPLIST_KEY_UISupportedInterfaceOrientations_iPhone = "UIInterfaceOrientationPortrait UIInterfaceOrientationLandscapeLeft UIInterfaceOrientationLandscapeRight";
				IPHONEOS_DEPLOYMENT_TARGET = 15.2;
				LD_RUNPATH_SEARCH_PATHS = (
					"$(inherited)",
					"@executable_path/Frameworks",
				);
				MARKETING_VERSION = 1.0;
				PRODUCT_BUNDLE_IDENTIFIER = com.BenEreksonIsReallyBored.QualityChecker;
				PRODUCT_NAME = "$(TARGET_NAME)";
				SWIFT_EMIT_LOC_STRINGS = YES;
				SWIFT_VERSION = 5.0;
				TARGETED_DEVICE_FAMILY = "1,2";
			};
			name = Debug;
		};
		B572038E27D3583500F95A18 /* Release */ = {
			isa = XCBuildConfiguration;
			buildSettings = {
				ASSETCATALOG_COMPILER_APPICON_NAME = AppIcon;
				ASSETCATALOG_COMPILER_GLOBAL_ACCENT_COLOR_NAME = AccentColor;
				CODE_SIGN_STYLE = Automatic;
				CURRENT_PROJECT_VERSION = 1;
				DEVELOPMENT_TEAM = A5WKQ59823;
				GENERATE_INFOPLIST_FILE = YES;
				INFOPLIST_FILE = QualityChecker/Resources/Info.plist;
				INFOPLIST_KEY_UIApplicationSupportsIndirectInputEvents = YES;
				INFOPLIST_KEY_UILaunchStoryboardName = LaunchScreen;
				INFOPLIST_KEY_UIMainStoryboardFile = Main;
				INFOPLIST_KEY_UISupportedInterfaceOrientations = "UIInterfaceOrientationPortrait UIInterfaceOrientationLandscapeLeft UIInterfaceOrientationLandscapeRight";
				INFOPLIST_KEY_UISupportedInterfaceOrientations_iPad = "UIInterfaceOrientationPortrait UIInterfaceOrientationPortraitUpsideDown UIInterfaceOrientationLandscapeLeft UIInterfaceOrientationLandscapeRight";
				INFOPLIST_KEY_UISupportedInterfaceOrientations_iPhone = "UIInterfaceOrientationPortrait UIInterfaceOrientationLandscapeLeft UIInterfaceOrientationLandscapeRight";
				IPHONEOS_DEPLOYMENT_TARGET = 15.2;
				LD_RUNPATH_SEARCH_PATHS = (
					"$(inherited)",
					"@executable_path/Frameworks",
				);
				MARKETING_VERSION = 1.0;
				PRODUCT_BUNDLE_IDENTIFIER = com.BenEreksonIsReallyBored.QualityChecker;
				PRODUCT_NAME = "$(TARGET_NAME)";
				SWIFT_EMIT_LOC_STRINGS = YES;
				SWIFT_VERSION = 5.0;
				TARGETED_DEVICE_FAMILY = "1,2";
			};
			name = Release;
		};
/* End XCBuildConfiguration section */

/* Begin XCConfigurationList section */
		B572037327D3582B00F95A18 /* Build configuration list for PBXProject "QualityChecker" */ = {
			isa = XCConfigurationList;
			buildConfigurations = (
				B572038A27D3583500F95A18 /* Debug */,
				B572038B27D3583500F95A18 /* Release */,
			);
			defaultConfigurationIsVisible = 0;
			defaultConfigurationName = Release;
		};
		B572038C27D3583500F95A18 /* Build configuration list for PBXNativeTarget "QualityChecker" */ = {
			isa = XCConfigurationList;
			buildConfigurations = (
				B572038D27D3583500F95A18 /* Debug */,
				B572038E27D3583500F95A18 /* Release */,
			);
			defaultConfigurationIsVisible = 0;
			defaultConfigurationName = Release;
		};
/* End XCConfigurationList section */
	};
	rootObject = B572037027D3582B00F95A18 /* Project object */;
}
